
Microsoft Visual Studio Solution File, Format Version 12.00
# Visual Studio Version 17
VisualStudioVersion = 17.14.36119.2
MinimumVisualStudioVersion = 10.0.40219.1
Project("{FAE04EC0-301F-11D3-BF4B-00C04F79EFBC}") = "Task6.Tests", "Task6.Tests\Task6.Tests.csproj", "{5C150390-4DE2-43B9-932A-26DE4C8A2B78}"
EndProject
Project("{FAE04EC0-301F-11D3-BF4B-00C04F79EFBC}") = "Task6", "Task6\Task6.csproj", "{087A56A6-62FE-1A3C-E05D-BC74808C3DBC}"
EndProject
Project("{FAE04EC0-301F-11D3-BF4B-00C04F79EFBC}") = "Task6.CLI", "Task6.CLI\Task6.CLI.csproj", "{9B8CFE88-6D89-40B9-ABCA-1EB0A5F52DFF}"
EndProject
Global
	GlobalSection(SolutionConfigurationPlatforms) = preSolution
		Debug|Any CPU = Debug|Any CPU
		Release|Any CPU = Release|Any CPU
	EndGlobalSection
	GlobalSection(ProjectConfigurationPlatforms) = postSolution
		{5C150390-4DE2-43B9-932A-26DE4C8A2B78}.Debug|Any CPU.ActiveCfg = Debug|Any CPU
		{5C150390-4DE2-43B9-932A-26DE4C8A2B78}.Debug|Any CPU.Build.0 = Debug|Any CPU
		{5C150390-4DE2-43B9-932A-26DE4C8A2B78}.Release|Any CPU.ActiveCfg = Release|Any CPU
		{5C150390-4DE2-43B9-932A-26DE4C8A2B78}.Release|Any CPU.Build.0 = Release|Any CPU
		{087A56A6-62FE-1A3C-E05D-BC74808C3DBC}.Debug|Any CPU.ActiveCfg = Debug|Any CPU
		{087A56A6-62FE-1A3C-E05D-BC74808C3DBC}.Debug|Any CPU.Build.0 = Debug|Any CPU
		{087A56A6-62FE-1A3C-E05D-BC74808C3DBC}.Release|Any CPU.ActiveCfg = Release|Any CPU
		{087A56A6-62FE-1A3C-E05D-BC74808C3DBC}.Release|Any CPU.Build.0 = Release|Any CPU
		{9B8CFE88-6D89-40B9-ABCA-1EB0A5F52DFF}.Debug|Any CPU.ActiveCfg = Debug|Any CPU
		{9B8CFE88-6D89-40B9-ABCA-1EB0A5F52DFF}.Debug|Any CPU.Build.0 = Debug|Any CPU
		{9B8CFE88-6D89-40B9-ABCA-1EB0A5F52DFF}.Release|Any CPU.ActiveCfg = Release|Any CPU
		{9B8CFE88-6D89-40B9-ABCA-1EB0A5F52DFF}.Release|Any CPU.Build.0 = Release|Any CPU
	EndGlobalSection
	GlobalSection(SolutionProperties) = preSolution
		HideSolutionNode = FALSE
	EndGlobalSection
	GlobalSection(ExtensibilityGlobals) = postSolution
		SolutionGuid = {D013DE96-ECB0-4C40-B7BA-9694306F1334}
	EndGlobalSection
EndGlobal
