
Microsoft Visual Studio Solution File, Format Version 12.00
# Visual Studio Version 17
VisualStudioVersion = 17.14.36119.2 d17.14
MinimumVisualStudioVersion = 10.0.40219.1
Project("{FAE04EC0-301F-11D3-BF4B-00C04F79EFBC}") = "Task10", "Task10\Task10.csproj", "{C60F8075-51E7-45F2-9A02-95191603414B}"
EndProject
Global
	GlobalSection(SolutionConfigurationPlatforms) = preSolution
		Debug|Any CPU = Debug|Any CPU
		Release|Any CPU = Release|Any CPU
	EndGlobalSection
	GlobalSection(ProjectConfigurationPlatforms) = postSolution
		{C60F8075-51E7-45F2-9A02-95191603414B}.Debug|Any CPU.ActiveCfg = Debug|Any CPU
		{C60F8075-51E7-45F2-9A02-95191603414B}.Debug|Any CPU.Build.0 = Debug|Any CPU
		{C60F8075-51E7-45F2-9A02-95191603414B}.Release|Any CPU.ActiveCfg = Release|Any CPU
		{C60F8075-51E7-45F2-9A02-95191603414B}.Release|Any CPU.Build.0 = Release|Any CPU
	EndGlobalSection
	GlobalSection(SolutionProperties) = preSolution
		HideSolutionNode = FALSE
	EndGlobalSection
	GlobalSection(ExtensibilityGlobals) = postSolution
		SolutionGuid = {49D69EC0-5518-4767-BF07-2D27DAC79356}
	EndGlobalSection
EndGlobal
