
Microsoft Visual Studio Solution File, Format Version 12.00
# Visual Studio Version 17
VisualStudioVersion = 17.14.36119.2 d17.14
MinimumVisualStudioVersion = 10.0.40219.1
Project("{FAE04EC0-301F-11D3-BF4B-00C04F79EFBC}") = "Task9.CLI", "Task9.CLI\Task9.CLI.csproj", "{049A1049-2971-4C03-BCB5-2EA502D69EB4}"
EndProject
Global
	GlobalSection(SolutionConfigurationPlatforms) = preSolution
		Debug|Any CPU = Debug|Any CPU
		Release|Any CPU = Release|Any CPU
	EndGlobalSection
	GlobalSection(ProjectConfigurationPlatforms) = postSolution
		{049A1049-2971-4C03-BCB5-2EA502D69EB4}.Debug|Any CPU.ActiveCfg = Debug|Any CPU
		{049A1049-2971-4C03-BCB5-2EA502D69EB4}.Debug|Any CPU.Build.0 = Debug|Any CPU
		{049A1049-2971-4C03-BCB5-2EA502D69EB4}.Release|Any CPU.ActiveCfg = Release|Any CPU
		{049A1049-2971-4C03-BCB5-2EA502D69EB4}.Release|Any CPU.Build.0 = Release|Any CPU
	EndGlobalSection
	GlobalSection(SolutionProperties) = preSolution
		HideSolutionNode = FALSE
	EndGlobalSection
	GlobalSection(ExtensibilityGlobals) = postSolution
		SolutionGuid = {B4131054-1BE4-4B82-A18C-B49238E87C99}
	EndGlobalSection
EndGlobal
