
Microsoft Visual Studio Solution File, Format Version 12.00
# Visual Studio Version 17
VisualStudioVersion = 17.14.36119.2 d17.14
MinimumVisualStudioVersion = 10.0.40219.1
Project("{FAE04EC0-301F-11D3-BF4B-00C04F79EFBC}") = "Task8.Lib", "Task8.Lib\Task8.Lib.csproj", "{A5AFD158-A897-4E4B-B2D6-63366A97A1E3}"
EndProject
Project("{FAE04EC0-301F-11D3-BF4B-00C04F79EFBC}") = "Task8.Tests", "Task8.Tests\Task8.Tests.csproj", "{DAEC9100-2EEA-4696-AFEC-0F505D67AADA}"
EndProject
Global
	GlobalSection(SolutionConfigurationPlatforms) = preSolution
		Debug|Any CPU = Debug|Any CPU
		Release|Any CPU = Release|Any CPU
	EndGlobalSection
	GlobalSection(ProjectConfigurationPlatforms) = postSolution
		{A5AFD158-A897-4E4B-B2D6-63366A97A1E3}.Debug|Any CPU.ActiveCfg = Debug|Any CPU
		{A5AFD158-A897-4E4B-B2D6-63366A97A1E3}.Debug|Any CPU.Build.0 = Debug|Any CPU
		{A5AFD158-A897-4E4B-B2D6-63366A97A1E3}.Release|Any CPU.ActiveCfg = Release|Any CPU
		{A5AFD158-A897-4E4B-B2D6-63366A97A1E3}.Release|Any CPU.Build.0 = Release|Any CPU
		{DAEC9100-2EEA-4696-AFEC-0F505D67AADA}.Debug|Any CPU.ActiveCfg = Debug|Any CPU
		{DAEC9100-2EEA-4696-AFEC-0F505D67AADA}.Debug|Any CPU.Build.0 = Debug|Any CPU
		{DAEC9100-2EEA-4696-AFEC-0F505D67AADA}.Release|Any CPU.ActiveCfg = Release|Any CPU
		{DAEC9100-2EEA-4696-AFEC-0F505D67AADA}.Release|Any CPU.Build.0 = Release|Any CPU
	EndGlobalSection
	GlobalSection(SolutionProperties) = preSolution
		HideSolutionNode = FALSE
	EndGlobalSection
	GlobalSection(ExtensibilityGlobals) = postSolution
		SolutionGuid = {3BB37065-AF11-4DD0-A0D9-D1DAE6D93AED}
	EndGlobalSection
EndGlobal
